
Microsoft Visual Studio Solution File, Format Version 12.00
# Visual Studio Version 16
VisualStudioVersion = 16.0.31112.23
MinimumVisualStudioVersion = 10.0.40219.1
Project("{9A19103F-16F7-4668-BE54-9A1E7A4F7556}") = "CreateAccountItemsCSV", "Presentation\CreateAccountItemsCSV\CreateAccountItemsCSV.csproj", "{6B2D5396-855A-40AE-925D-5ABD58A1DCD1}"
EndProject
Project("{9A19103F-16F7-4668-BE54-9A1E7A4F7556}") = "ResearchXBRL.Application", "ResearchXBRL.Application\ResearchXBRL.Application.csproj", "{442CEFA6-806A-472A-BB18-6BACB364E1B8}"
EndProject
Project("{9A19103F-16F7-4668-BE54-9A1E7A4F7556}") = "ResearchXBRL.CrossCuttingInterest", "ResearchXBRL.CrossCuttingInterest\ResearchXBRL.CrossCuttingInterest.csproj", "{C52AE2FD-F471-4B54-8364-9AC465DB41A9}"
EndProject
Project("{9A19103F-16F7-4668-BE54-9A1E7A4F7556}") = "ResearchXBRL.Domain", "ResearchXBRL.Domain\ResearchXBRL.Domain.csproj", "{BD897EC6-852D-410A-8D71-FDFAE73D0DE6}"
EndProject
Project("{9A19103F-16F7-4668-BE54-9A1E7A4F7556}") = "ResearchXBRL.Infrastructure", "ResearchXBRL.Infrastructure\ResearchXBRL.Infrastructure.csproj", "{984C1C25-C42A-459A-BAF7-5A9943122981}"
EndProject
Project("{2150E333-8FDC-42A3-9474-1A3956D46DE8}") = "Presentaion", "Presentaion", "{83659BC8-D359-4911-B07B-184067A7E411}"
EndProject
Project("{9A19103F-16F7-4668-BE54-9A1E7A4F7556}") = "ResearchXBRL.Tests", "ResearchXBRL.Tests\ResearchXBRL.Tests.csproj", "{19C75F46-5B4D-406B-993D-87DF2C0972DA}"
EndProject
Global
	GlobalSection(SolutionConfigurationPlatforms) = preSolution
		Debug|Any CPU = Debug|Any CPU
		Release|Any CPU = Release|Any CPU
	EndGlobalSection
	GlobalSection(ProjectConfigurationPlatforms) = postSolution
		{6B2D5396-855A-40AE-925D-5ABD58A1DCD1}.Debug|Any CPU.ActiveCfg = Debug|Any CPU
		{6B2D5396-855A-40AE-925D-5ABD58A1DCD1}.Debug|Any CPU.Build.0 = Debug|Any CPU
		{6B2D5396-855A-40AE-925D-5ABD58A1DCD1}.Release|Any CPU.ActiveCfg = Release|Any CPU
		{6B2D5396-855A-40AE-925D-5ABD58A1DCD1}.Release|Any CPU.Build.0 = Release|Any CPU
		{442CEFA6-806A-472A-BB18-6BACB364E1B8}.Debug|Any CPU.ActiveCfg = Debug|Any CPU
		{442CEFA6-806A-472A-BB18-6BACB364E1B8}.Debug|Any CPU.Build.0 = Debug|Any CPU
		{442CEFA6-806A-472A-BB18-6BACB364E1B8}.Release|Any CPU.ActiveCfg = Release|Any CPU
		{442CEFA6-806A-472A-BB18-6BACB364E1B8}.Release|Any CPU.Build.0 = Release|Any CPU
		{C52AE2FD-F471-4B54-8364-9AC465DB41A9}.Debug|Any CPU.ActiveCfg = Debug|Any CPU
		{C52AE2FD-F471-4B54-8364-9AC465DB41A9}.Debug|Any CPU.Build.0 = Debug|Any CPU
		{C52AE2FD-F471-4B54-8364-9AC465DB41A9}.Release|Any CPU.ActiveCfg = Release|Any CPU
		{C52AE2FD-F471-4B54-8364-9AC465DB41A9}.Release|Any CPU.Build.0 = Release|Any CPU
		{BD897EC6-852D-410A-8D71-FDFAE73D0DE6}.Debug|Any CPU.ActiveCfg = Debug|Any CPU
		{BD897EC6-852D-410A-8D71-FDFAE73D0DE6}.Debug|Any CPU.Build.0 = Debug|Any CPU
		{BD897EC6-852D-410A-8D71-FDFAE73D0DE6}.Release|Any CPU.ActiveCfg = Release|Any CPU
		{BD897EC6-852D-410A-8D71-FDFAE73D0DE6}.Release|Any CPU.Build.0 = Release|Any CPU
		{984C1C25-C42A-459A-BAF7-5A9943122981}.Debug|Any CPU.ActiveCfg = Debug|Any CPU
		{984C1C25-C42A-459A-BAF7-5A9943122981}.Debug|Any CPU.Build.0 = Debug|Any CPU
		{984C1C25-C42A-459A-BAF7-5A9943122981}.Release|Any CPU.ActiveCfg = Release|Any CPU
		{984C1C25-C42A-459A-BAF7-5A9943122981}.Release|Any CPU.Build.0 = Release|Any CPU
		{19C75F46-5B4D-406B-993D-87DF2C0972DA}.Debug|Any CPU.ActiveCfg = Debug|Any CPU
		{19C75F46-5B4D-406B-993D-87DF2C0972DA}.Debug|Any CPU.Build.0 = Debug|Any CPU
		{19C75F46-5B4D-406B-993D-87DF2C0972DA}.Release|Any CPU.ActiveCfg = Release|Any CPU
		{19C75F46-5B4D-406B-993D-87DF2C0972DA}.Release|Any CPU.Build.0 = Release|Any CPU
	EndGlobalSection
	GlobalSection(SolutionProperties) = preSolution
		HideSolutionNode = FALSE
	EndGlobalSection
	GlobalSection(NestedProjects) = preSolution
		{6B2D5396-855A-40AE-925D-5ABD58A1DCD1} = {83659BC8-D359-4911-B07B-184067A7E411}
	EndGlobalSection
	GlobalSection(ExtensibilityGlobals) = postSolution
		SolutionGuid = {4FBCB0A9-EC45-4B5D-AE8A-50A4DBAB6737}
	EndGlobalSection
EndGlobal
